// !$*UTF8*$!
{
	archiveVersion = 1;
	classes = {
	};
	objectVersion = 46;
	objects = {

/* Begin PBXBuildFile section */
		E0759EC915B50E60001EDB18 /* More@2x.png in Resources */ = {isa = PBXBuildFile; fileRef = E0759EC815B50E60001EDB18 /* More@2x.png */; };
		E0759ECD15B50E84001EDB18 /* AWMoreTVC.m in Sources */ = {isa = PBXBuildFile; fileRef = E0759ECC15B50E84001EDB18 /* AWMoreTVC.m */; };
		E0759ED415B52432001EDB18 /* AWSettingsMgr.m in Sources */ = {isa = PBXBuildFile; fileRef = E0759ED315B52432001EDB18 /* AWSettingsMgr.m */; };
		E0759ED715B5337B001EDB18 /* AWPokerMgr.m in Sources */ = {isa = PBXBuildFile; fileRef = E0759ED615B5337B001EDB18 /* AWPokerMgr.m */; };
		E09DDFF0156E2FCF00F89843 /* iTunesArtwork in Resources */ = {isa = PBXBuildFile; fileRef = E09DDFEF156E2FCF00F89843 /* iTunesArtwork */; };
		E09DDFF2156E3A1F00F89843 /* icon.png in Resources */ = {isa = PBXBuildFile; fileRef = E09DDFF1156E3A1F00F89843 /* icon.png */; };
		E09DDFF4156E3A3200F89843 /* icon@2x.png in Resources */ = {isa = PBXBuildFile; fileRef = E09DDFF3156E3A3200F89843 /* icon@2x.png */; };
		E09DDFFA156E492E00F89843 /* README.md in Resources */ = {isa = PBXBuildFile; fileRef = E09DDFF9156E492E00F89843 /* README.md */; };
		E0BD51C5156DC93B00091542 /* UIKit.framework in Frameworks */ = {isa = PBXBuildFile; fileRef = E0BD51C4156DC93B00091542 /* UIKit.framework */; };
		E0BD51C7156DC93B00091542 /* Foundation.framework in Frameworks */ = {isa = PBXBuildFile; fileRef = E0BD51C6156DC93B00091542 /* Foundation.framework */; };
		E0BD51C9156DC93B00091542 /* CoreGraphics.framework in Frameworks */ = {isa = PBXBuildFile; fileRef = E0BD51C8156DC93B00091542 /* CoreGraphics.framework */; };
		E0BD51CF156DC93B00091542 /* InfoPlist.strings in Resources */ = {isa = PBXBuildFile; fileRef = E0BD51CD156DC93B00091542 /* InfoPlist.strings */; };
		E0BD51D1156DC93B00091542 /* main.m in Sources */ = {isa = PBXBuildFile; fileRef = E0BD51D0156DC93B00091542 /* main.m */; };
		E0BD51D5156DC93C00091542 /* AWAppDelegate.m in Sources */ = {isa = PBXBuildFile; fileRef = E0BD51D4156DC93C00091542 /* AWAppDelegate.m */; };
		E0BD51F1156DCB0000091542 /* AWBasicTVC.m in Sources */ = {isa = PBXBuildFile; fileRef = E0BD51F0156DCAFF00091542 /* AWBasicTVC.m */; };
		E0CCAA4A156E1F9000132BE5 /* Bookmark@2x.png in Resources */ = {isa = PBXBuildFile; fileRef = E0CCAA47156E1F9000132BE5 /* Bookmark@2x.png */; };
		E0CCAA4B156E1F9000132BE5 /* Contact@2x.png in Resources */ = {isa = PBXBuildFile; fileRef = E0CCAA48156E1F9000132BE5 /* Contact@2x.png */; };
		E0CCAA4C156E1F9000132BE5 /* Download@2x.png in Resources */ = {isa = PBXBuildFile; fileRef = E0CCAA49156E1F9000132BE5 /* Download@2x.png */; };
/* End PBXBuildFile section */

/* Begin PBXFileReference section */
		E0759EC815B50E60001EDB18 /* More@2x.png */ = {isa = PBXFileReference; lastKnownFileType = image.png; path = "More@2x.png"; sourceTree = "<group>"; };
		E0759ECB15B50E84001EDB18 /* AWMoreTVC.h */ = {isa = PBXFileReference; fileEncoding = 4; lastKnownFileType = sourcecode.c.h; path = AWMoreTVC.h; sourceTree = "<group>"; };
		E0759ECC15B50E84001EDB18 /* AWMoreTVC.m */ = {isa = PBXFileReference; fileEncoding = 4; lastKnownFileType = sourcecode.c.objc; path = AWMoreTVC.m; sourceTree = "<group>"; };
		E0759ED215B52431001EDB18 /* AWSettingsMgr.h */ = {isa = PBXFileReference; fileEncoding = 4; lastKnownFileType = sourcecode.c.h; path = AWSettingsMgr.h; sourceTree = "<group>"; };
		E0759ED315B52432001EDB18 /* AWSettingsMgr.m */ = {isa = PBXFileReference; fileEncoding = 4; lastKnownFileType = sourcecode.c.objc; path = AWSettingsMgr.m; sourceTree = "<group>"; };
		E0759ED515B5337B001EDB18 /* AWPokerMgr.h */ = {isa = PBXFileReference; fileEncoding = 4; lastKnownFileType = sourcecode.c.h; path = AWPokerMgr.h; sourceTree = "<group>"; };
		E0759ED615B5337B001EDB18 /* AWPokerMgr.m */ = {isa = PBXFileReference; fileEncoding = 4; lastKnownFileType = sourcecode.c.objc; path = AWPokerMgr.m; sourceTree = "<group>"; };
		E09DDFEF156E2FCF00F89843 /* iTunesArtwork */ = {isa = PBXFileReference; lastKnownFileType = file; path = iTunesArtwork; sourceTree = "<group>"; };
		E09DDFF1156E3A1F00F89843 /* icon.png */ = {isa = PBXFileReference; lastKnownFileType = image.png; path = icon.png; sourceTree = "<group>"; };
		E09DDFF3156E3A3200F89843 /* icon@2x.png */ = {isa = PBXFileReference; lastKnownFileType = image.png; path = "icon@2x.png"; sourceTree = "<group>"; };
		E09DDFF9156E492E00F89843 /* README.md */ = {isa = PBXFileReference; fileEncoding = 4; lastKnownFileType = text; path = README.md; sourceTree = "<group>"; };
		E0BD51C0156DC93B00091542 /* sgshelp.app */ = {isa = PBXFileReference; explicitFileType = wrapper.application; includeInIndex = 0; path = sgshelp.app; sourceTree = BUILT_PRODUCTS_DIR; };
		E0BD51C4156DC93B00091542 /* UIKit.framework */ = {isa = PBXFileReference; lastKnownFileType = wrapper.framework; name = UIKit.framework; path = System/Library/Frameworks/UIKit.framework; sourceTree = SDKROOT; };
		E0BD51C6156DC93B00091542 /* Foundation.framework */ = {isa = PBXFileReference; lastKnownFileType = wrapper.framework; name = Foundation.framework; path = System/Library/Frameworks/Foundation.framework; sourceTree = SDKROOT; };
		E0BD51C8156DC93B00091542 /* CoreGraphics.framework */ = {isa = PBXFileReference; lastKnownFileType = wrapper.framework; name = CoreGraphics.framework; path = System/Library/Frameworks/CoreGraphics.framework; sourceTree = SDKROOT; };
		E0BD51CC156DC93B00091542 /* sgshelp-Info.plist */ = {isa = PBXFileReference; lastKnownFileType = text.plist.xml; path = "sgshelp-Info.plist"; sourceTree = "<group>"; };
		E0BD51CE156DC93B00091542 /* en */ = {isa = PBXFileReference; lastKnownFileType = text.plist.strings; name = en; path = en.lproj/InfoPlist.strings; sourceTree = "<group>"; };
		E0BD51D0156DC93B00091542 /* main.m */ = {isa = PBXFileReference; lastKnownFileType = sourcecode.c.objc; path = main.m; sourceTree = "<group>"; };
		E0BD51D2156DC93B00091542 /* sgshelp-Prefix.pch */ = {isa = PBXFileReference; lastKnownFileType = sourcecode.c.h; path = "sgshelp-Prefix.pch"; sourceTree = "<group>"; };
		E0BD51D3156DC93B00091542 /* AWAppDelegate.h */ = {isa = PBXFileReference; lastKnownFileType = sourcecode.c.h; path = AWAppDelegate.h; sourceTree = "<group>"; };
		E0BD51D4156DC93C00091542 /* AWAppDelegate.m */ = {isa = PBXFileReference; lastKnownFileType = sourcecode.c.objc; path = AWAppDelegate.m; sourceTree = "<group>"; };
		E0BD51EF156DCAFF00091542 /* AWBasicTVC.h */ = {isa = PBXFileReference; fileEncoding = 4; lastKnownFileType = sourcecode.c.h; path = AWBasicTVC.h; sourceTree = "<group>"; };
		E0BD51F0156DCAFF00091542 /* AWBasicTVC.m */ = {isa = PBXFileReference; fileEncoding = 4; lastKnownFileType = sourcecode.c.objc; path = AWBasicTVC.m; sourceTree = "<group>"; };
		E0CCAA47156E1F9000132BE5 /* Bookmark@2x.png */ = {isa = PBXFileReference; lastKnownFileType = image.png; path = "Bookmark@2x.png"; sourceTree = "<group>"; };
		E0CCAA48156E1F9000132BE5 /* Contact@2x.png */ = {isa = PBXFileReference; lastKnownFileType = image.png; path = "Contact@2x.png"; sourceTree = "<group>"; };
		E0CCAA49156E1F9000132BE5 /* Download@2x.png */ = {isa = PBXFileReference; lastKnownFileType = image.png; path = "Download@2x.png"; sourceTree = "<group>"; };
/* End PBXFileReference section */

/* Begin PBXFrameworksBuildPhase section */
		E0BD51BD156DC93B00091542 /* Frameworks */ = {
			isa = PBXFrameworksBuildPhase;
			buildActionMask = 2147483647;
			files = (
				E0BD51C5156DC93B00091542 /* UIKit.framework in Frameworks */,
				E0BD51C7156DC93B00091542 /* Foundation.framework in Frameworks */,
				E0BD51C9156DC93B00091542 /* CoreGraphics.framework in Frameworks */,
			);
			runOnlyForDeploymentPostprocessing = 0;
		};
/* End PBXFrameworksBuildPhase section */

/* Begin PBXGroup section */
		E0BD51B5156DC93B00091542 = {
			isa = PBXGroup;
			children = (
				E09DDFF9156E492E00F89843 /* README.md */,
				E09DDFF3156E3A3200F89843 /* icon@2x.png */,
				E09DDFF1156E3A1F00F89843 /* icon.png */,
				E0BD51CA156DC93B00091542 /* sgshelp */,
				E0BD51C3156DC93B00091542 /* Frameworks */,
				E0BD51C1156DC93B00091542 /* Products */,
			);
			sourceTree = "<group>";
		};
		E0BD51C1156DC93B00091542 /* Products */ = {
			isa = PBXGroup;
			children = (
				E0BD51C0156DC93B00091542 /* sgshelp.app */,
			);
			name = Products;
			sourceTree = "<group>";
		};
		E0BD51C3156DC93B00091542 /* Frameworks */ = {
			isa = PBXGroup;
			children = (
				E0BD51C4156DC93B00091542 /* UIKit.framework */,
				E0BD51C6156DC93B00091542 /* Foundation.framework */,
				E0BD51C8156DC93B00091542 /* CoreGraphics.framework */,
			);
			name = Frameworks;
			sourceTree = "<group>";
		};
		E0BD51CA156DC93B00091542 /* sgshelp */ = {
			isa = PBXGroup;
			children = (
				E0BD51D3156DC93B00091542 /* AWAppDelegate.h */,
				E0BD51D4156DC93C00091542 /* AWAppDelegate.m */,
				E0BD51CB156DC93B00091542 /* Supporting Files */,
				E0BD51EF156DCAFF00091542 /* AWBasicTVC.h */,
				E0BD51F0156DCAFF00091542 /* AWBasicTVC.m */,
				E0759ECB15B50E84001EDB18 /* AWMoreTVC.h */,
				E0759ECC15B50E84001EDB18 /* AWMoreTVC.m */,
				E0759ED215B52431001EDB18 /* AWSettingsMgr.h */,
				E0759ED315B52432001EDB18 /* AWSettingsMgr.m */,
				E0759ED515B5337B001EDB18 /* AWPokerMgr.h */,
				E0759ED615B5337B001EDB18 /* AWPokerMgr.m */,
			);
			path = sgshelp;
			sourceTree = "<group>";
		};
		E0BD51CB156DC93B00091542 /* Supporting Files */ = {
			isa = PBXGroup;
			children = (
				E0759EC815B50E60001EDB18 /* More@2x.png */,
				E09DDFEF156E2FCF00F89843 /* iTunesArtwork */,
				E0BD51CC156DC93B00091542 /* sgshelp-Info.plist */,
				E0CCAA47156E1F9000132BE5 /* Bookmark@2x.png */,
				E0CCAA48156E1F9000132BE5 /* Contact@2x.png */,
				E0CCAA49156E1F9000132BE5 /* Download@2x.png */,
				E0BD51CD156DC93B00091542 /* InfoPlist.strings */,
				E0BD51D0156DC93B00091542 /* main.m */,
				E0BD51D2156DC93B00091542 /* sgshelp-Prefix.pch */,
			);
			name = "Supporting Files";
			sourceTree = "<group>";
		};
/* End PBXGroup section */

/* Begin PBXNativeTarget section */
		E0BD51BF156DC93B00091542 /* sgshelp */ = {
			isa = PBXNativeTarget;
			buildConfigurationList = E0BD51EC156DC93C00091542 /* Build configuration list for PBXNativeTarget "sgshelp" */;
			buildPhases = (
				E0BD51BC156DC93B00091542 /* Sources */,
				E0BD51BD156DC93B00091542 /* Frameworks */,
				E0BD51BE156DC93B00091542 /* Resources */,
			);
			buildRules = (
			);
			dependencies = (
			);
			name = sgshelp;
			productName = sgshelp;
			productReference = E0BD51C0156DC93B00091542 /* sgshelp.app */;
			productType = "com.apple.product-type.application";
		};
/* End PBXNativeTarget section */

/* Begin PBXProject section */
		E0BD51B7156DC93B00091542 /* Project object */ = {
			isa = PBXProject;
			attributes = {
				CLASSPREFIX = AW;
				LastUpgradeCheck = 0430;
			};
			buildConfigurationList = E0BD51BA156DC93B00091542 /* Build configuration list for PBXProject "sgshelp" */;
			compatibilityVersion = "Xcode 3.2";
			developmentRegion = English;
			hasScannedForEncodings = 0;
			knownRegions = (
				en,
			);
			mainGroup = E0BD51B5156DC93B00091542;
			productRefGroup = E0BD51C1156DC93B00091542 /* Products */;
			projectDirPath = "";
			projectRoot = "";
			targets = (
				E0BD51BF156DC93B00091542 /* sgshelp */,
			);
		};
/* End PBXProject section */

/* Begin PBXResourcesBuildPhase section */
		E0BD51BE156DC93B00091542 /* Resources */ = {
			isa = PBXResourcesBuildPhase;
			buildActionMask = 2147483647;
			files = (
				E0BD51CF156DC93B00091542 /* InfoPlist.strings in Resources */,
				E0CCAA4A156E1F9000132BE5 /* Bookmark@2x.png in Resources */,
				E0CCAA4B156E1F9000132BE5 /* Contact@2x.png in Resources */,
				E0CCAA4C156E1F9000132BE5 /* Download@2x.png in Resources */,
				E09DDFF0156E2FCF00F89843 /* iTunesArtwork in Resources */,
				E09DDFF2156E3A1F00F89843 /* icon.png in Resources */,
				E09DDFF4156E3A3200F89843 /* icon@2x.png in Resources */,
				E09DDFFA156E492E00F89843 /* README.md in Resources */,
				E0759EC915B50E60001EDB18 /* More@2x.png in Resources */,
			);
			runOnlyForDeploymentPostprocessing = 0;
		};
/* End PBXResourcesBuildPhase section */

/* Begin PBXSourcesBuildPhase section */
		E0BD51BC156DC93B00091542 /* Sources */ = {
			isa = PBXSourcesBuildPhase;
			buildActionMask = 2147483647;
			files = (
				E0BD51D1156DC93B00091542 /* main.m in Sources */,
				E0BD51D5156DC93C00091542 /* AWAppDelegate.m in Sources */,
				E0BD51F1156DCB0000091542 /* AWBasicTVC.m in Sources */,
				E0759ECD15B50E84001EDB18 /* AWMoreTVC.m in Sources */,
				E0759ED415B52432001EDB18 /* AWSettingsMgr.m in Sources */,
				E0759ED715B5337B001EDB18 /* AWPokerMgr.m in Sources */,
			);
			runOnlyForDeploymentPostprocessing = 0;
		};
/* End PBXSourcesBuildPhase section */

/* Begin PBXVariantGroup section */
		E0BD51CD156DC93B00091542 /* InfoPlist.strings */ = {
			isa = PBXVariantGroup;
			children = (
				E0BD51CE156DC93B00091542 /* en */,
			);
			name = InfoPlist.strings;
			sourceTree = "<group>";
		};
/* End PBXVariantGroup section */

/* Begin XCBuildConfiguration section */
		E0BD51EA156DC93C00091542 /* Debug */ = {
			isa = XCBuildConfiguration;
			buildSettings = {
				ALWAYS_SEARCH_USER_PATHS = NO;
				ARCHS = "$(ARCHS_STANDARD_32_BIT)";
				CLANG_ENABLE_OBJC_ARC = YES;
				"CODE_SIGN_IDENTITY[sdk=iphoneos*]" = "iPhone Developer";
				COPY_PHASE_STRIP = NO;
				GCC_C_LANGUAGE_STANDARD = gnu99;
				GCC_DYNAMIC_NO_PIC = NO;
				GCC_OPTIMIZATION_LEVEL = 0;
				GCC_PREPROCESSOR_DEFINITIONS = (
					"DEBUG=1",
					"$(inherited)",
				);
				GCC_SYMBOLS_PRIVATE_EXTERN = NO;
				GCC_VERSION = com.apple.compilers.llvm.clang.1_0;
				GCC_WARN_ABOUT_RETURN_TYPE = YES;
				GCC_WARN_UNINITIALIZED_AUTOS = YES;
				GCC_WARN_UNUSED_VARIABLE = YES;
				IPHONEOS_DEPLOYMENT_TARGET = 4.3;
				SDKROOT = iphoneos;
			};
			name = Debug;
		};
		E0BD51EB156DC93C00091542 /* Release */ = {
			isa = XCBuildConfiguration;
			buildSettings = {
				ALWAYS_SEARCH_USER_PATHS = NO;
				ARCHS = "$(ARCHS_STANDARD_32_BIT)";
				CLANG_ENABLE_OBJC_ARC = YES;
				CODE_SIGN_IDENTITY = "iPhone Distribution";
				"CODE_SIGN_IDENTITY[sdk=iphoneos*]" = "iPhone Distribution";
				COPY_PHASE_STRIP = YES;
				GCC_C_LANGUAGE_STANDARD = gnu99;
				GCC_VERSION = com.apple.compilers.llvm.clang.1_0;
				GCC_WARN_ABOUT_RETURN_TYPE = YES;
				GCC_WARN_UNINITIALIZED_AUTOS = YES;
				GCC_WARN_UNUSED_VARIABLE = YES;
				IPHONEOS_DEPLOYMENT_TARGET = 4.3;
				OTHER_CFLAGS = "-DNS_BLOCK_ASSERTIONS=1";
				PROVISIONING_PROFILE = "";
				"PROVISIONING_PROFILE[sdk=iphoneos*]" = "";
				SDKROOT = iphoneos;
				VALIDATE_PRODUCT = YES;
			};
			name = Release;
		};
		E0BD51ED156DC93C00091542 /* Debug */ = {
			isa = XCBuildConfiguration;
			buildSettings = {
				GCC_PRECOMPILE_PREFIX_HEADER = YES;
				GCC_PREFIX_HEADER = "sgshelp/sgshelp-Prefix.pch";
				INFOPLIST_FILE = "sgshelp/sgshelp-Info.plist";
				PRODUCT_NAME = "$(TARGET_NAME)";
				WRAPPER_EXTENSION = app;
			};
			name = Debug;
		};
		E0BD51EE156DC93C00091542 /* Release */ = {
			isa = XCBuildConfiguration;
			buildSettings = {
				GCC_PRECOMPILE_PREFIX_HEADER = YES;
				GCC_PREFIX_HEADER = "sgshelp/sgshelp-Prefix.pch";
				INFOPLIST_FILE = "sgshelp/sgshelp-Info.plist";
				PRODUCT_NAME = "$(TARGET_NAME)";
				WRAPPER_EXTENSION = app;
			};
			name = Release;
		};
/* End XCBuildConfiguration section */

/* Begin XCConfigurationList section */
		E0BD51BA156DC93B00091542 /* Build configuration list for PBXProject "sgshelp" */ = {
			isa = XCConfigurationList;
			buildConfigurations = (
				E0BD51EA156DC93C00091542 /* Debug */,
				E0BD51EB156DC93C00091542 /* Release */,
			);
			defaultConfigurationIsVisible = 0;
			defaultConfigurationName = Release;
		};
		E0BD51EC156DC93C00091542 /* Build configuration list for PBXNativeTarget "sgshelp" */ = {
			isa = XCConfigurationList;
			buildConfigurations = (
				E0BD51ED156DC93C00091542 /* Debug */,
				E0BD51EE156DC93C00091542 /* Release */,
			);
			defaultConfigurationIsVisible = 0;
			defaultConfigurationName = Release;
		};
/* End XCConfigurationList section */
	};
	rootObject = E0BD51B7156DC93B00091542 /* Project object */;
}
